// !$*UTF8*$!
{
	archiveVersion = 1;
	classes = {
	};
	objectVersion = 56;
	objects = {

/* Begin PBXBuildFile section */
		30DCF7D428D6AF4300AB1175 /* AppDelegate.swift in Sources */ = {isa = PBXBuildFile; fileRef = 30DCF7D328D6AF4300AB1175 /* AppDelegate.swift */; };
		30DCF7D628D6AF4300AB1175 /* SceneDelegate.swift in Sources */ = {isa = PBXBuildFile; fileRef = 30DCF7D528D6AF4300AB1175 /* SceneDelegate.swift */; };
		30DCF7D828D6AF4300AB1175 /* ViewController.swift in Sources */ = {isa = PBXBuildFile; fileRef = 30DCF7D728D6AF4300AB1175 /* ViewController.swift */; };
		30DCF7DB28D6AF4300AB1175 /* Main.storyboard in Resources */ = {isa = PBXBuildFile; fileRef = 30DCF7D928D6AF4300AB1175 /* Main.storyboard */; };
		30DCF7DD28D6AF4500AB1175 /* Assets.xcassets in Resources */ = {isa = PBXBuildFile; fileRef = 30DCF7DC28D6AF4500AB1175 /* Assets.xcassets */; };
		30DCF7E028D6AF4500AB1175 /* LaunchScreen.storyboard in Resources */ = {isa = PBXBuildFile; fileRef = 30DCF7DE28D6AF4500AB1175 /* LaunchScreen.storyboard */; };
		30DCF7EB28D6AF4500AB1175 /* LargerProjectTests.swift in Sources */ = {isa = PBXBuildFile; fileRef = 30DCF7EA28D6AF4500AB1175 /* LargerProjectTests.swift */; };
		30DCF7F528D6AF4500AB1175 /* LargerProjectUITests.swift in Sources */ = {isa = PBXBuildFile; fileRef = 30DCF7F428D6AF4500AB1175 /* LargerProjectUITests.swift */; };
		30DCF7F728D6AF4500AB1175 /* LargerProjectUITestsLaunchTests.swift in Sources */ = {isa = PBXBuildFile; fileRef = 30DCF7F628D6AF4500AB1175 /* LargerProjectUITestsLaunchTests.swift */; };
/* End PBXBuildFile section */

/* Begin PBXContainerItemProxy section */
		30DCF7E728D6AF4500AB1175 /* PBXContainerItemProxy */ = {
			isa = PBXContainerItemProxy;
			containerPortal = 30DCF7C828D6AF4300AB1175 /* Project object */;
			proxyType = 1;
			remoteGlobalIDString = 30DCF7CF28D6AF4300AB1175;
			remoteInfo = LargerProject;
		};
		30DCF7F128D6AF4500AB1175 /* PBXContainerItemProxy */ = {
			isa = PBXContainerItemProxy;
			containerPortal = 30DCF7C828D6AF4300AB1175 /* Project object */;
			proxyType = 1;
			remoteGlobalIDString = 30DCF7CF28D6AF4300AB1175;
			remoteInfo = LargerProject;
		};
/* End PBXContainerItemProxy section */

/* Begin PBXFileReference section */
		30DCF7D028D6AF4300AB1175 /* LargerProject.app */ = {isa = PBXFileReference; explicitFileType = wrapper.application; includeInIndex = 0; path = LargerProject.app; sourceTree = BUILT_PRODUCTS_DIR; };
		30DCF7D328D6AF4300AB1175 /* AppDelegate.swift */ = {isa = PBXFileReference; lastKnownFileType = sourcecode.swift; path = AppDelegate.swift; sourceTree = "<group>"; };
		30DCF7D528D6AF4300AB1175 /* SceneDelegate.swift */ = {isa = PBXFileReference; lastKnownFileType = sourcecode.swift; path = SceneDelegate.swift; sourceTree = "<group>"; };
		30DCF7D728D6AF4300AB1175 /* ViewController.swift */ = {isa = PBXFileReference; lastKnownFileType = sourcecode.swift; path = ViewController.swift; sourceTree = "<group>"; };
		30DCF7DA28D6AF4300AB1175 /* Base */ = {isa = PBXFileReference; lastKnownFileType = file.storyboard; name = Base; path = Base.lproj/Main.storyboard; sourceTree = "<group>"; };
		30DCF7DC28D6AF4500AB1175 /* Assets.xcassets */ = {isa = PBXFileReference; lastKnownFileType = folder.assetcatalog; path = Assets.xcassets; sourceTree = "<group>"; };
		30DCF7DF28D6AF4500AB1175 /* Base */ = {isa = PBXFileReference; lastKnownFileType = file.storyboard; name = Base; path = Base.lproj/LaunchScreen.storyboard; sourceTree = "<group>"; };
		30DCF7E128D6AF4500AB1175 /* Info.plist */ = {isa = PBXFileReference; lastKnownFileType = text.plist.xml; path = Info.plist; sourceTree = "<group>"; };
		30DCF7E628D6AF4500AB1175 /* LargerProjectTests.xctest */ = {isa = PBXFileReference; explicitFileType = wrapper.cfbundle; includeInIndex = 0; path = LargerProjectTests.xctest; sourceTree = BUILT_PRODUCTS_DIR; };
		30DCF7EA28D6AF4500AB1175 /* LargerProjectTests.swift */ = {isa = PBXFileReference; lastKnownFileType = sourcecode.swift; path = LargerProjectTests.swift; sourceTree = "<group>"; };
		30DCF7F028D6AF4500AB1175 /* LargerProjectUITests.xctest */ = {isa = PBXFileReference; explicitFileType = wrapper.cfbundle; includeInIndex = 0; path = LargerProjectUITests.xctest; sourceTree = BUILT_PRODUCTS_DIR; };
		30DCF7F428D6AF4500AB1175 /* LargerProjectUITests.swift */ = {isa = PBXFileReference; lastKnownFileType = sourcecode.swift; path = LargerProjectUITests.swift; sourceTree = "<group>"; };
		30DCF7F628D6AF4500AB1175 /* LargerProjectUITestsLaunchTests.swift */ = {isa = PBXFileReference; lastKnownFileType = sourcecode.swift; path = LargerProjectUITestsLaunchTests.swift; sourceTree = "<group>"; };
/* End PBXFileReference section */

/* Begin PBXFrameworksBuildPhase section */
		30DCF7CD28D6AF4300AB1175 /* Frameworks */ = {
			isa = PBXFrameworksBuildPhase;
			buildActionMask = 2147483647;
			files = (
			);
			runOnlyForDeploymentPostprocessing = 0;
		};
		30DCF7E328D6AF4500AB1175 /* Frameworks */ = {
			isa = PBXFrameworksBuildPhase;
			buildActionMask = 2147483647;
			files = (
			);
			runOnlyForDeploymentPostprocessing = 0;
		};
		30DCF7ED28D6AF4500AB1175 /* Frameworks */ = {
			isa = PBXFrameworksBuildPhase;
			buildActionMask = 2147483647;
			files = (
			);
			runOnlyForDeploymentPostprocessing = 0;
		};
/* End PBXFrameworksBuildPhase section */

/* Begin PBXGroup section */
		30DCF7C728D6AF4300AB1175 = {
			isa = PBXGroup;
			children = (
				30DCF7D228D6AF4300AB1175 /* LargerProject */,
				30DCF7E928D6AF4500AB1175 /* LargerProjectTests */,
				30DCF7F328D6AF4500AB1175 /* LargerProjectUITests */,
				30DCF7D128D6AF4300AB1175 /* Products */,
			);
			sourceTree = "<group>";
		};
		30DCF7D128D6AF4300AB1175 /* Products */ = {
			isa = PBXGroup;
			children = (
				30DCF7D028D6AF4300AB1175 /* LargerProject.app */,
				30DCF7E628D6AF4500AB1175 /* LargerProjectTests.xctest */,
				30DCF7F028D6AF4500AB1175 /* LargerProjectUITests.xctest */,
			);
			name = Products;
			sourceTree = "<group>";
		};
		30DCF7D228D6AF4300AB1175 /* LargerProject */ = {
			isa = PBXGroup;
			children = (
				30DCF7D328D6AF4300AB1175 /* AppDelegate.swift */,
				30DCF7D528D6AF4300AB1175 /* SceneDelegate.swift */,
				30DCF7D728D6AF4300AB1175 /* ViewController.swift */,
				30DCF7D928D6AF4300AB1175 /* Main.storyboard */,
				30DCF7DC28D6AF4500AB1175 /* Assets.xcassets */,
				30DCF7DE28D6AF4500AB1175 /* LaunchScreen.storyboard */,
				30DCF7E128D6AF4500AB1175 /* Info.plist */,
			);
			path = LargerProject;
			sourceTree = "<group>";
		};
		30DCF7E928D6AF4500AB1175 /* LargerProjectTests */ = {
			isa = PBXGroup;
			children = (
				30DCF7EA28D6AF4500AB1175 /* LargerProjectTests.swift */,
			);
			path = LargerProjectTests;
			sourceTree = "<group>";
		};
		30DCF7F328D6AF4500AB1175 /* LargerProjectUITests */ = {
			isa = PBXGroup;
			children = (
				30DCF7F428D6AF4500AB1175 /* LargerProjectUITests.swift */,
				30DCF7F628D6AF4500AB1175 /* LargerProjectUITestsLaunchTests.swift */,
			);
			path = LargerProjectUITests;
			sourceTree = "<group>";
		};
/* End PBXGroup section */

/* Begin PBXNativeTarget section */
		30DCF7CF28D6AF4300AB1175 /* LargerProject */ = {
			isa = PBXNativeTarget;
			buildConfigurationList = 30DCF7FA28D6AF4500AB1175 /* Build configuration list for PBXNativeTarget "LargerProject" */;
			buildPhases = (
				30DCF7CC28D6AF4300AB1175 /* Sources */,
				30DCF7CD28D6AF4300AB1175 /* Frameworks */,
				30DCF7CE28D6AF4300AB1175 /* Resources */,
			);
			buildRules = (
			);
			dependencies = (
			);
			name = LargerProject;
			productName = LargerProject;
			productReference = 30DCF7D028D6AF4300AB1175 /* LargerProject.app */;
			productType = "com.apple.product-type.application";
		};
		30DCF7E528D6AF4500AB1175 /* LargerProjectTests */ = {
			isa = PBXNativeTarget;
			buildConfigurationList = 30DCF7FD28D6AF4500AB1175 /* Build configuration list for PBXNativeTarget "LargerProjectTests" */;
			buildPhases = (
				30DCF7E228D6AF4500AB1175 /* Sources */,
				30DCF7E328D6AF4500AB1175 /* Frameworks */,
				30DCF7E428D6AF4500AB1175 /* Resources */,
			);
			buildRules = (
			);
			dependencies = (
				30DCF7E828D6AF4500AB1175 /* PBXTargetDependency */,
			);
			name = LargerProjectTests;
			productName = LargerProjectTests;
			productReference = 30DCF7E628D6AF4500AB1175 /* LargerProjectTests.xctest */;
			productType = "com.apple.product-type.bundle.unit-test";
		};
		30DCF7EF28D6AF4500AB1175 /* LargerProjectUITests */ = {
			isa = PBXNativeTarget;
			buildConfigurationList = 30DCF80028D6AF4500AB1175 /* Build configuration list for PBXNativeTarget "LargerProjectUITests" */;
			buildPhases = (
				30DCF7EC28D6AF4500AB1175 /* Sources */,
				30DCF7ED28D6AF4500AB1175 /* Frameworks */,
				30DCF7EE28D6AF4500AB1175 /* Resources */,
			);
			buildRules = (
			);
			dependencies = (
				30DCF7F228D6AF4500AB1175 /* PBXTargetDependency */,
			);
			name = LargerProjectUITests;
			productName = LargerProjectUITests;
			productReference = 30DCF7F028D6AF4500AB1175 /* LargerProjectUITests.xctest */;
			productType = "com.apple.product-type.bundle.ui-testing";
		};
/* End PBXNativeTarget section */

/* Begin PBXProject section */
		30DCF7C828D6AF4300AB1175 /* Project object */ = {
			isa = PBXProject;
			attributes = {
				BuildIndependentTargetsInParallel = 1;
				LastSwiftUpdateCheck = 1400;
				LastUpgradeCheck = 1400;
				TargetAttributes = {
					30DCF7CF28D6AF4300AB1175 = {
						CreatedOnToolsVersion = 14.0;
					};
					30DCF7E528D6AF4500AB1175 = {
						CreatedOnToolsVersion = 14.0;
						TestTargetID = 30DCF7CF28D6AF4300AB1175;
					};
					30DCF7EF28D6AF4500AB1175 = {
						CreatedOnToolsVersion = 14.0;
						TestTargetID = 30DCF7CF28D6AF4300AB1175;
					};
				};
			};
			buildConfigurationList = 30DCF7CB28D6AF4300AB1175 /* Build configuration list for PBXProject "LargerProject" */;
			compatibilityVersion = "Xcode 14.0";
			developmentRegion = en;
			hasScannedForEncodings = 0;
			knownRegions = (
				en,
				Base,
			);
			mainGroup = 30DCF7C728D6AF4300AB1175;
			productRefGroup = 30DCF7D128D6AF4300AB1175 /* Products */;
			projectDirPath = "";
			projectRoot = "";
			targets = (
				30DCF7CF28D6AF4300AB1175 /* LargerProject */,
				30DCF7E528D6AF4500AB1175 /* LargerProjectTests */,
				30DCF7EF28D6AF4500AB1175 /* LargerProjectUITests */,
			);
		};
/* End PBXProject section */

/* Begin PBXResourcesBuildPhase section */
		30DCF7CE28D6AF4300AB1175 /* Resources */ = {
			isa = PBXResourcesBuildPhase;
			buildActionMask = 2147483647;
			files = (
				30DCF7E028D6AF4500AB1175 /* LaunchScreen.storyboard in Resources */,
				30DCF7DD28D6AF4500AB1175 /* Assets.xcassets in Resources */,
				30DCF7DB28D6AF4300AB1175 /* Main.storyboard in Resources */,
			);
			runOnlyForDeploymentPostprocessing = 0;
		};
		30DCF7E428D6AF4500AB1175 /* Resources */ = {
			isa = PBXResourcesBuildPhase;
			buildActionMask = 2147483647;
			files = (
			);
			runOnlyForDeploymentPostprocessing = 0;
		};
		30DCF7EE28D6AF4500AB1175 /* Resources */ = {
			isa = PBXResourcesBuildPhase;
			buildActionMask = 2147483647;
			files = (
			);
			runOnlyForDeploymentPostprocessing = 0;
		};
/* End PBXResourcesBuildPhase section */

/* Begin PBXSourcesBuildPhase section */
		30DCF7CC28D6AF4300AB1175 /* Sources */ = {
			isa = PBXSourcesBuildPhase;
			buildActionMask = 2147483647;
			files = (
				30DCF7D828D6AF4300AB1175 /* ViewController.swift in Sources */,
				30DCF7D428D6AF4300AB1175 /* AppDelegate.swift in Sources */,
				30DCF7D628D6AF4300AB1175 /* SceneDelegate.swift in Sources */,
			);
			runOnlyForDeploymentPostprocessing = 0;
		};
		30DCF7E228D6AF4500AB1175 /* Sources */ = {
			isa = PBXSourcesBuildPhase;
			buildActionMask = 2147483647;
			files = (
				30DCF7EB28D6AF4500AB1175 /* LargerProjectTests.swift in Sources */,
			);
			runOnlyForDeploymentPostprocessing = 0;
		};
		30DCF7EC28D6AF4500AB1175 /* Sources */ = {
			isa = PBXSourcesBuildPhase;
			buildActionMask = 2147483647;
			files = (
				30DCF7F528D6AF4500AB1175 /* LargerProjectUITests.swift in Sources */,
				30DCF7F728D6AF4500AB1175 /* LargerProjectUITestsLaunchTests.swift in Sources */,
			);
			runOnlyForDeploymentPostprocessing = 0;
		};
/* End PBXSourcesBuildPhase section */

/* Begin PBXTargetDependency section */
		30DCF7E828D6AF4500AB1175 /* PBXTargetDependency */ = {
			isa = PBXTargetDependency;
			target = 30DCF7CF28D6AF4300AB1175 /* LargerProject */;
			targetProxy = 30DCF7E728D6AF4500AB1175 /* PBXContainerItemProxy */;
		};
		30DCF7F228D6AF4500AB1175 /* PBXTargetDependency */ = {
			isa = PBXTargetDependency;
			target = 30DCF7CF28D6AF4300AB1175 /* LargerProject */;
			targetProxy = 30DCF7F128D6AF4500AB1175 /* PBXContainerItemProxy */;
		};
/* End PBXTargetDependency section */

/* Begin PBXVariantGroup section */
		30DCF7D928D6AF4300AB1175 /* Main.storyboard */ = {
			isa = PBXVariantGroup;
			children = (
				30DCF7DA28D6AF4300AB1175 /* Base */,
			);
			name = Main.storyboard;
			sourceTree = "<group>";
		};
		30DCF7DE28D6AF4500AB1175 /* LaunchScreen.storyboard */ = {
			isa = PBXVariantGroup;
			children = (
				30DCF7DF28D6AF4500AB1175 /* Base */,
			);
			name = LaunchScreen.storyboard;
			sourceTree = "<group>";
		};
/* End PBXVariantGroup section */

/* Begin XCBuildConfiguration section */
		30DCF7F828D6AF4500AB1175 /* Debug */ = {
			isa = XCBuildConfiguration;
			buildSettings = {
				ALWAYS_SEARCH_USER_PATHS = NO;
				CLANG_ANALYZER_NONNULL = YES;
				CLANG_ANALYZER_NUMBER_OBJECT_CONVERSION = YES_AGGRESSIVE;
				CLANG_CXX_LANGUAGE_STANDARD = "gnu++20";
				CLANG_ENABLE_MODULES = YES;
				CLANG_ENABLE_OBJC_ARC = YES;
				CLANG_ENABLE_OBJC_WEAK = YES;
				CLANG_WARN_BLOCK_CAPTURE_AUTORELEASING = YES;
				CLANG_WARN_BOOL_CONVERSION = YES;
				CLANG_WARN_COMMA = YES;
				CLANG_WARN_CONSTANT_CONVERSION = YES;
				CLANG_WARN_DEPRECATED_OBJC_IMPLEMENTATIONS = YES;
				CLANG_WARN_DIRECT_OBJC_ISA_USAGE = YES_ERROR;
				CLANG_WARN_DOCUMENTATION_COMMENTS = YES;
				CLANG_WARN_EMPTY_BODY = YES;
				CLANG_WARN_ENUM_CONVERSION = YES;
				CLANG_WARN_INFINITE_RECURSION = YES;
				CLANG_WARN_INT_CONVERSION = YES;
				CLANG_WARN_NON_LITERAL_NULL_CONVERSION = YES;
				CLANG_WARN_OBJC_IMPLICIT_RETAIN_SELF = YES;
				CLANG_WARN_OBJC_LITERAL_CONVERSION = YES;
				CLANG_WARN_OBJC_ROOT_CLASS = YES_ERROR;
				CLANG_WARN_QUOTED_INCLUDE_IN_FRAMEWORK_HEADER = YES;
				CLANG_WARN_RANGE_LOOP_ANALYSIS = YES;
				CLANG_WARN_STRICT_PROTOTYPES = YES;
				CLANG_WARN_SUSPICIOUS_MOVE = YES;
				CLANG_WARN_UNGUARDED_AVAILABILITY = YES_AGGRESSIVE;
				CLANG_WARN_UNREACHABLE_CODE = YES;
				CLANG_WARN__DUPLICATE_METHOD_MATCH = YES;
				COPY_PHASE_STRIP = NO;
				DEBUG_INFORMATION_FORMAT = dwarf;
				ENABLE_STRICT_OBJC_MSGSEND = YES;
				ENABLE_TESTABILITY = YES;
				GCC_C_LANGUAGE_STANDARD = gnu11;
				GCC_DYNAMIC_NO_PIC = NO;
				GCC_NO_COMMON_BLOCKS = YES;
				GCC_OPTIMIZATION_LEVEL = 0;
				GCC_PREPROCESSOR_DEFINITIONS = (
					"DEBUG=1",
					"$(inherited)",
				);
				GCC_WARN_64_TO_32_BIT_CONVERSION = YES;
				GCC_WARN_ABOUT_RETURN_TYPE = YES_ERROR;
				GCC_WARN_UNDECLARED_SELECTOR = YES;
				GCC_WARN_UNINITIALIZED_AUTOS = YES_AGGRESSIVE;
				GCC_WARN_UNUSED_FUNCTION = YES;
				GCC_WARN_UNUSED_VARIABLE = YES;
				IPHONEOS_DEPLOYMENT_TARGET = 16.0;
				MTL_ENABLE_DEBUG_INFO = INCLUDE_SOURCE;
				MTL_FAST_MATH = YES;
				ONLY_ACTIVE_ARCH = YES;
				SDKROOT = iphoneos;
				SWIFT_ACTIVE_COMPILATION_CONDITIONS = DEBUG;
				SWIFT_OPTIMIZATION_LEVEL = "-Onone";
			};
			name = Debug;
		};
		30DCF7F928D6AF4500AB1175 /* Release */ = {
			isa = XCBuildConfiguration;
			buildSettings = {
				ALWAYS_SEARCH_USER_PATHS = NO;
				CLANG_ANALYZER_NONNULL = YES;
				CLANG_ANALYZER_NUMBER_OBJECT_CONVERSION = YES_AGGRESSIVE;
				CLANG_CXX_LANGUAGE_STANDARD = "gnu++20";
				CLANG_ENABLE_MODULES = YES;
				CLANG_ENABLE_OBJC_ARC = YES;
				CLANG_ENABLE_OBJC_WEAK = YES;
				CLANG_WARN_BLOCK_CAPTURE_AUTORELEASING = YES;
				CLANG_WARN_BOOL_CONVERSION = YES;
				CLANG_WARN_COMMA = YES;
				CLANG_WARN_CONSTANT_CONVERSION = YES;
				CLANG_WARN_DEPRECATED_OBJC_IMPLEMENTATIONS = YES;
				CLANG_WARN_DIRECT_OBJC_ISA_USAGE = YES_ERROR;
				CLANG_WARN_DOCUMENTATION_COMMENTS = YES;
				CLANG_WARN_EMPTY_BODY = YES;
				CLANG_WARN_ENUM_CONVERSION = YES;
				CLANG_WARN_INFINITE_RECURSION = YES;
				CLANG_WARN_INT_CONVERSION = YES;
				CLANG_WARN_NON_LITERAL_NULL_CONVERSION = YES;
				CLANG_WARN_OBJC_IMPLICIT_RETAIN_SELF = YES;
				CLANG_WARN_OBJC_LITERAL_CONVERSION = YES;
				CLANG_WARN_OBJC_ROOT_CLASS = YES_ERROR;
				CLANG_WARN_QUOTED_INCLUDE_IN_FRAMEWORK_HEADER = YES;
				CLANG_WARN_RANGE_LOOP_ANALYSIS = YES;
				CLANG_WARN_STRICT_PROTOTYPES = YES;
				CLANG_WARN_SUSPICIOUS_MOVE = YES;
				CLANG_WARN_UNGUARDED_AVAILABILITY = YES_AGGRESSIVE;
				CLANG_WARN_UNREACHABLE_CODE = YES;
				CLANG_WARN__DUPLICATE_METHOD_MATCH = YES;
				COPY_PHASE_STRIP = NO;
				DEBUG_INFORMATION_FORMAT = "dwarf-with-dsym";
				ENABLE_NS_ASSERTIONS = NO;
				ENABLE_STRICT_OBJC_MSGSEND = YES;
				GCC_C_LANGUAGE_STANDARD = gnu11;
				GCC_NO_COMMON_BLOCKS = YES;
				GCC_WARN_64_TO_32_BIT_CONVERSION = YES;
				GCC_WARN_ABOUT_RETURN_TYPE = YES_ERROR;
				GCC_WARN_UNDECLARED_SELECTOR = YES;
				GCC_WARN_UNINITIALIZED_AUTOS = YES_AGGRESSIVE;
				GCC_WARN_UNUSED_FUNCTION = YES;
				GCC_WARN_UNUSED_VARIABLE = YES;
				IPHONEOS_DEPLOYMENT_TARGET = 16.0;
				MTL_ENABLE_DEBUG_INFO = NO;
				MTL_FAST_MATH = YES;
				SDKROOT = iphoneos;
				SWIFT_COMPILATION_MODE = wholemodule;
				SWIFT_OPTIMIZATION_LEVEL = "-O";
				VALIDATE_PRODUCT = YES;
			};
			name = Release;
		};
		30DCF7FB28D6AF4500AB1175 /* Debug */ = {
			isa = XCBuildConfiguration;
			buildSettings = {
				ASSETCATALOG_COMPILER_APPICON_NAME = AppIcon;
				ASSETCATALOG_COMPILER_GLOBAL_ACCENT_COLOR_NAME = AccentColor;
				CODE_SIGN_STYLE = Automatic;
				CURRENT_PROJECT_VERSION = 1;
				DEVELOPMENT_TEAM = 5AH9ZAC6D8;
				GENERATE_INFOPLIST_FILE = YES;
				INFOPLIST_FILE = LargerProject/Info.plist;
				INFOPLIST_KEY_UIApplicationSupportsIndirectInputEvents = YES;
				INFOPLIST_KEY_UILaunchStoryboardName = LaunchScreen;
				INFOPLIST_KEY_UIMainStoryboardFile = Main;
				INFOPLIST_KEY_UISupportedInterfaceOrientations_iPad = "UIInterfaceOrientationPortrait UIInterfaceOrientationPortraitUpsideDown UIInterfaceOrientationLandscapeLeft UIInterfaceOrientationLandscapeRight";
				INFOPLIST_KEY_UISupportedInterfaceOrientations_iPhone = "UIInterfaceOrientationPortrait UIInterfaceOrientationLandscapeLeft UIInterfaceOrientationLandscapeRight";
				LD_RUNPATH_SEARCH_PATHS = (
					"$(inherited)",
					"@executable_path/Frameworks",
				);
				MARKETING_VERSION = 1.0;
				PRODUCT_BUNDLE_IDENTIFIER = "Ammad-Ahmed.LargerProject";
				PRODUCT_NAME = "$(TARGET_NAME)";
				SWIFT_EMIT_LOC_STRINGS = YES;
				SWIFT_VERSION = 5.0;
				TARGETED_DEVICE_FAMILY = "1,2";
			};
			name = Debug;
		};
		30DCF7FC28D6AF4500AB1175 /* Release */ = {
			isa = XCBuildConfiguration;
			buildSettings = {
				ASSETCATALOG_COMPILER_APPICON_NAME = AppIcon;
				ASSETCATALOG_COMPILER_GLOBAL_ACCENT_COLOR_NAME = AccentColor;
				CODE_SIGN_STYLE = Automatic;
				CURRENT_PROJECT_VERSION = 1;
				DEVELOPMENT_TEAM = 5AH9ZAC6D8;
				GENERATE_INFOPLIST_FILE = YES;
				INFOPLIST_FILE = LargerProject/Info.plist;
				INFOPLIST_KEY_UIApplicationSupportsIndirectInputEvents = YES;
				INFOPLIST_KEY_UILaunchStoryboardName = LaunchScreen;
				INFOPLIST_KEY_UIMainStoryboardFile = Main;
				INFOPLIST_KEY_UISupportedInterfaceOrientations_iPad = "UIInterfaceOrientationPortrait UIInterfaceOrientationPortraitUpsideDown UIInterfaceOrientationLandscapeLeft UIInterfaceOrientationLandscapeRight";
				INFOPLIST_KEY_UISupportedInterfaceOrientations_iPhone = "UIInterfaceOrientationPortrait UIInterfaceOrientationLandscapeLeft UIInterfaceOrientationLandscapeRight";
				LD_RUNPATH_SEARCH_PATHS = (
					"$(inherited)",
					"@executable_path/Frameworks",
				);
				MARKETING_VERSION = 1.0;
				PRODUCT_BUNDLE_IDENTIFIER = "Ammad-Ahmed.LargerProject";
				PRODUCT_NAME = "$(TARGET_NAME)";
				SWIFT_EMIT_LOC_STRINGS = YES;
				SWIFT_VERSION = 5.0;
				TARGETED_DEVICE_FAMILY = "1,2";
			};
			name = Release;
		};
		30DCF7FE28D6AF4500AB1175 /* Debug */ = {
			isa = XCBuildConfiguration;
			buildSettings = {
				ALWAYS_EMBED_SWIFT_STANDARD_LIBRARIES = YES;
				BUNDLE_LOADER = "$(TEST_HOST)";
				CODE_SIGN_STYLE = Automatic;
				CURRENT_PROJECT_VERSION = 1;
				DEVELOPMENT_TEAM = 5AH9ZAC6D8;
				GENERATE_INFOPLIST_FILE = YES;
				IPHONEOS_DEPLOYMENT_TARGET = 16.0;
				MARKETING_VERSION = 1.0;
				PRODUCT_BUNDLE_IDENTIFIER = "Ammad-Ahmed.LargerProjectTests";
				PRODUCT_NAME = "$(TARGET_NAME)";
				SWIFT_EMIT_LOC_STRINGS = NO;
				SWIFT_VERSION = 5.0;
				TARGETED_DEVICE_FAMILY = "1,2";
				TEST_HOST = "$(BUILT_PRODUCTS_DIR)/LargerProject.app/$(BUNDLE_EXECUTABLE_FOLDER_PATH)/LargerProject";
			};
			name = Debug;
		};
		30DCF7FF28D6AF4500AB1175 /* Release */ = {
			isa = XCBuildConfiguration;
			buildSettings = {
				ALWAYS_EMBED_SWIFT_STANDARD_LIBRARIES = YES;
				BUNDLE_LOADER = "$(TEST_HOST)";
				CODE_SIGN_STYLE = Automatic;
				CURRENT_PROJECT_VERSION = 1;
				DEVELOPMENT_TEAM = 5AH9ZAC6D8;
				GENERATE_INFOPLIST_FILE = YES;
				IPHONEOS_DEPLOYMENT_TARGET = 16.0;
				MARKETING_VERSION = 1.0;
				PRODUCT_BUNDLE_IDENTIFIER = "Ammad-Ahmed.LargerProjectTests";
				PRODUCT_NAME = "$(TARGET_NAME)";
				SWIFT_EMIT_LOC_STRINGS = NO;
				SWIFT_VERSION = 5.0;
				TARGETED_DEVICE_FAMILY = "1,2";
				TEST_HOST = "$(BUILT_PRODUCTS_DIR)/LargerProject.app/$(BUNDLE_EXECUTABLE_FOLDER_PATH)/LargerProject";
			};
			name = Release;
		};
		30DCF80128D6AF4500AB1175 /* Debug */ = {
			isa = XCBuildConfiguration;
			buildSettings = {
				ALWAYS_EMBED_SWIFT_STANDARD_LIBRARIES = YES;
				CODE_SIGN_STYLE = Automatic;
				CURRENT_PROJECT_VERSION = 1;
				DEVELOPMENT_TEAM = 5AH9ZAC6D8;
				GENERATE_INFOPLIST_FILE = YES;
				MARKETING_VERSION = 1.0;
				PRODUCT_BUNDLE_IDENTIFIER = "Ammad-Ahmed.LargerProjectUITests";
				PRODUCT_NAME = "$(TARGET_NAME)";
				SWIFT_EMIT_LOC_STRINGS = NO;
				SWIFT_VERSION = 5.0;
				TARGETED_DEVICE_FAMILY = "1,2";
				TEST_TARGET_NAME = LargerProject;
			};
			name = Debug;
		};
		30DCF80228D6AF4500AB1175 /* Release */ = {
			isa = XCBuildConfiguration;
			buildSettings = {
				ALWAYS_EMBED_SWIFT_STANDARD_LIBRARIES = YES;
				CODE_SIGN_STYLE = Automatic;
				CURRENT_PROJECT_VERSION = 1;
				DEVELOPMENT_TEAM = 5AH9ZAC6D8;
				GENERATE_INFOPLIST_FILE = YES;
				MARKETING_VERSION = 1.0;
				PRODUCT_BUNDLE_IDENTIFIER = "Ammad-Ahmed.LargerProjectUITests";
				PRODUCT_NAME = "$(TARGET_NAME)";
				SWIFT_EMIT_LOC_STRINGS = NO;
				SWIFT_VERSION = 5.0;
				TARGETED_DEVICE_FAMILY = "1,2";
				TEST_TARGET_NAME = LargerProject;
			};
			name = Release;
		};
/* End XCBuildConfiguration section */

/* Begin XCConfigurationList section */
		30DCF7CB28D6AF4300AB1175 /* Build configuration list for PBXProject "LargerProject" */ = {
			isa = XCConfigurationList;
			buildConfigurations = (
				30DCF7F828D6AF4500AB1175 /* Debug */,
				30DCF7F928D6AF4500AB1175 /* Release */,
			);
			defaultConfigurationIsVisible = 0;
			defaultConfigurationName = Release;
		};
		30DCF7FA28D6AF4500AB1175 /* Build configuration list for PBXNativeTarget "LargerProject" */ = {
			isa = XCConfigurationList;
			buildConfigurations = (
				30DCF7FB28D6AF4500AB1175 /* Debug */,
				30DCF7FC28D6AF4500AB1175 /* Release */,
			);
			defaultConfigurationIsVisible = 0;
			defaultConfigurationName = Release;
		};
		30DCF7FD28D6AF4500AB1175 /* Build configuration list for PBXNativeTarget "LargerProjectTests" */ = {
			isa = XCConfigurationList;
			buildConfigurations = (
				30DCF7FE28D6AF4500AB1175 /* Debug */,
				30DCF7FF28D6AF4500AB1175 /* Release */,
			);
			defaultConfigurationIsVisible = 0;
			defaultConfigurationName = Release;
		};
		30DCF80028D6AF4500AB1175 /* Build configuration list for PBXNativeTarget "LargerProjectUITests" */ = {
			isa = XCConfigurationList;
			buildConfigurations = (
				30DCF80128D6AF4500AB1175 /* Debug */,
				30DCF80228D6AF4500AB1175 /* Release */,
			);
			defaultConfigurationIsVisible = 0;
			defaultConfigurationName = Release;
		};
/* End XCConfigurationList section */
	};
	rootObject = 30DCF7C828D6AF4300AB1175 /* Project object */;
}
